
Microsoft Visual Studio Solution File, Format Version 12.00
# Visual Studio Version 17
VisualStudioVersion = 17.0.31903.59
MinimumVisualStudioVersion = 10.0.40219.1
Project("{FAE04EC0-301F-11D3-BF4B-00C04F79EFBC}") = "Libreria", "Libreria\Libreria.csproj", "{E6762AE0-763A-4B99-8187-9F49AE2D256B}"
EndProject
Project("{FAE04EC0-301F-11D3-BF4B-00C04F79EFBC}") = "Consola", "Consola\Consola.csproj", "{B1ECDE82-784A-4B1F-BB55-5163714FD824}"
EndProject
Project("{FAE04EC0-301F-11D3-BF4B-00C04F79EFBC}") = "Test", "Test\Test.csproj", "{68A9BFCC-DC0A-4752-BE5D-75D79CE4051E}"
EndProject
Global
	GlobalSection(SolutionConfigurationPlatforms) = preSolution
		Debug|Any CPU = Debug|Any CPU
		Release|Any CPU = Release|Any CPU
	EndGlobalSection
	GlobalSection(SolutionProperties) = preSolution
		HideSolutionNode = FALSE
	EndGlobalSection
	GlobalSection(ProjectConfigurationPlatforms) = postSolution
		{E6762AE0-763A-4B99-8187-9F49AE2D256B}.Debug|Any CPU.ActiveCfg = Debug|Any CPU
		{E6762AE0-763A-4B99-8187-9F49AE2D256B}.Debug|Any CPU.Build.0 = Debug|Any CPU
		{E6762AE0-763A-4B99-8187-9F49AE2D256B}.Release|Any CPU.ActiveCfg = Release|Any CPU
		{E6762AE0-763A-4B99-8187-9F49AE2D256B}.Release|Any CPU.Build.0 = Release|Any CPU
		{BC8FCF93-88A0-406B-A3B0-90A7BDE845D5}.Debug|Any CPU.ActiveCfg = Debug|Any CPU
		{BC8FCF93-88A0-406B-A3B0-90A7BDE845D5}.Debug|Any CPU.Build.0 = Debug|Any CPU
		{BC8FCF93-88A0-406B-A3B0-90A7BDE845D5}.Release|Any CPU.ActiveCfg = Release|Any CPU
		{BC8FCF93-88A0-406B-A3B0-90A7BDE845D5}.Release|Any CPU.Build.0 = Release|Any CPU
		{B1ECDE82-784A-4B1F-BB55-5163714FD824}.Debug|Any CPU.ActiveCfg = Debug|Any CPU
		{B1ECDE82-784A-4B1F-BB55-5163714FD824}.Debug|Any CPU.Build.0 = Debug|Any CPU
		{B1ECDE82-784A-4B1F-BB55-5163714FD824}.Release|Any CPU.ActiveCfg = Release|Any CPU
		{B1ECDE82-784A-4B1F-BB55-5163714FD824}.Release|Any CPU.Build.0 = Release|Any CPU
		{68A9BFCC-DC0A-4752-BE5D-75D79CE4051E}.Debug|Any CPU.ActiveCfg = Debug|Any CPU
		{68A9BFCC-DC0A-4752-BE5D-75D79CE4051E}.Debug|Any CPU.Build.0 = Debug|Any CPU
		{68A9BFCC-DC0A-4752-BE5D-75D79CE4051E}.Release|Any CPU.ActiveCfg = Release|Any CPU
		{68A9BFCC-DC0A-4752-BE5D-75D79CE4051E}.Release|Any CPU.Build.0 = Release|Any CPU
	EndGlobalSection
EndGlobal
